version = 1
revision = 3
requires-python = ">=3.10"

[[package]]
name = "paper-resources"
version = "0.1.0"
source = { editable = "." }
dependencies = [
    { name = "pypdf" },
    { name = "python-dotenv" },
]

[package.metadata]
requires-dist = [
    { name = "pypdf", specifier = ">=6.0.0,<7.0.0" },
    { name = "python-dotenv", specifier = ">=1.2.1,<2.0.0" },
]

[[package]]
name = "pypdf"
version = "6.16.2"
source = { registry = "https://pypi.org/simple" }
dependencies = [
    { name = "typing-extensions", marker = "python_full_version < '3.11'" },
]
sdist = { url = "https://files.pythonhosted.org/packages/44/66/54212e75406afd9f3e933d0dda23072f6aecc55c5a273077dc2e0b028b23/pypdf-6.16.2.tar.gz", hash = "sha256:595647f6191de6f402cfde1d0c455d6cbccbd509aac32b34783009c032de5d6e", size = 7008996, upload-time = "2026-08-23T13:50:07.135Z" }
wheels = [
    { url = "https://files.pythonhosted.org/packages/13/f1/a2da3b55acd4ab737bf728c97edaaed5ec1d3c1236acb639dcdfa97e42c7/pypdf-6.16.2-py3-none-any.whl", hash = "sha256:c8b09a59399062fb45a1b8156c18a787a10a3dae03ac9674397a226712c94604", size = 385060, upload-time = "2026-08-23T13:50:05.349Z" },
]

[[package]]
name = "python-dotenv"
version = "1.2.3"
source = { registry = "https://pypi.org/simple" }
sdist = { url = "https://files.pythonhosted.org/packages/6a/53/ed9d74092561d4b01a2ef1349d52cdbc135e526c245f366b089cfca6de49/python_dotenv-1.2.3.tar.gz", hash = "sha256:a20a594dabeaa385725aa239d5244871c143ecb356add8a20fcf23773a6c3a35", size = 58945, upload-time = "2026-08-16T16:54:54.067Z" }
wheels = [
    { url = "https://files.pythonhosted.org/packages/0d/17/c5c6b53ddc18f297992099b3d9ec16c855c0ccc83263a21fe4d1c625ec6c/python_dotenv-1.2.3-py3-none-any.whl", hash = "sha256:904552145e8bfed22162c09dab1c2b9b54fefa7b23ba780f4f26ca0316b0f0d9", size = 22780, upload-time = "2026-08-16T16:54:52.473Z" },
]

[[package]]
name = "typing-extensions"
version = "4.16.0"
source = { registry = "https://pypi.org/simple" }
sdist = { url = "https://files.pythonhosted.org/packages/f6/cc/6253133b5bb138fc3306cebfbda2c520f545d36b5be2c7255cc528bb45d6/typing_extensions-4.16.0.tar.gz", hash = "sha256:dc983d19a509c94dba722ee6abd33940f7c05a89e243c47e907eb4db6f1a43e5", size = 113555, upload-time = "2026-07-02T08:40:05.92Z" }
wheels = [
    { url = "https://files.pythonhosted.org/packages/49/d3/b8441a820a491ddfc024b0b0cf0393375b75ea13866d9c66727e54c2fc80/typing_extensions-4.16.0-py3-none-any.whl", hash = "sha256:481caa481374e813c1b176ada14e97f1f67a4539ce9cfeb3f350d78d6370c2e8", size = 45571, upload-time = "2026-07-02T08:40:04.659Z" },
]
